
Microsoft Visual Studio Solution File, Format Version 12.00
# Visual Studio Version 17
VisualStudioVersion = 17.8.34316.72
MinimumVisualStudioVersion = 10.0.40219.1
Project("{FAE04EC0-301F-11D3-BF4B-00C04F79EFBC}") = "WebApp", "WebApp\WebApp.csproj", "{BB13615B-F281-4637-9378-4CDD18321036}"
EndProject
Global
	GlobalSection(SolutionConfigurationPlatforms) = preSolution
		Debug|Any CPU = Debug|Any CPU
		Release|Any CPU = Release|Any CPU
	EndGlobalSection
	GlobalSection(ProjectConfigurationPlatforms) = postSolution
		{BB13615B-F281-4637-9378-4CDD18321036}.Debug|Any CPU.ActiveCfg = Debug|Any CPU
		{BB13615B-F281-4637-9378-4CDD18321036}.Debug|Any CPU.Build.0 = Debug|Any CPU
		{BB13615B-F281-4637-9378-4CDD18321036}.Release|Any CPU.ActiveCfg = Release|Any CPU
		{BB13615B-F281-4637-9378-4CDD18321036}.Release|Any CPU.Build.0 = Release|Any CPU
	EndGlobalSection
	GlobalSection(SolutionProperties) = preSolution
		HideSolutionNode = FALSE
	EndGlobalSection
	GlobalSection(ExtensibilityGlobals) = postSolution
		SolutionGuid = {7FAFA13D-8081-44F6-B897-EDEDFB809043}
	EndGlobalSection
EndGlobal
